// !$*UTF8*$!
{
	archiveVersion = 1;
	classes = {
	};
	objectVersion = 46;
	objects = {

/* Begin PBXBuildFile section */
		FB0147F620011862005750BF /* CallWebService.swift in Sources */ = {isa = PBXBuildFile; fileRef = FB0147F520011862005750BF /* CallWebService.swift */; };
		FB0259531E635E2400AB69EC /* PictureViewController.swift in Sources */ = {isa = PBXBuildFile; fileRef = FB0259521E635E2400AB69EC /* PictureViewController.swift */; };
		FB0544D3251F782700AA9482 /* MNWebServiceCall.framework in Frameworks */ = {isa = PBXBuildFile; fileRef = FBBB0F261FA61C1C004E9D95 /* MNWebServiceCall.framework */; };
		FB0544D4251F782700AA9482 /* MNWebServiceCall.framework in Embed Frameworks */ = {isa = PBXBuildFile; fileRef = FBBB0F261FA61C1C004E9D95 /* MNWebServiceCall.framework */; settings = {ATTRIBUTES = (CodeSignOnCopy, RemoveHeadersOnCopy, ); }; };
		FB0651611DBAAE41009B0A51 /* LabelViewExtensions.swift in Sources */ = {isa = PBXBuildFile; fileRef = FB0651601DBAAE41009B0A51 /* LabelViewExtensions.swift */; };
		FB0651631DBAC3A8009B0A51 /* AddressTableViewCell.swift in Sources */ = {isa = PBXBuildFile; fileRef = FB0651621DBAC3A8009B0A51 /* AddressTableViewCell.swift */; };
		FB0651651DC4EE16009B0A51 /* CollectionExtensions.swift in Sources */ = {isa = PBXBuildFile; fileRef = FB0651641DC4EE16009B0A51 /* CollectionExtensions.swift */; };
		FB0651671DC65CE6009B0A51 /* HygieneHelpViewController.swift in Sources */ = {isa = PBXBuildFile; fileRef = FB0651661DC65CE6009B0A51 /* HygieneHelpViewController.swift */; };
		FB08592C20409CDB00951471 /* filter-72.png in Resources */ = {isa = PBXBuildFile; fileRef = FB08592820409CDB00951471 /* filter-72.png */; };
		FB08592D20409CDB00951471 /* filter-29.png in Resources */ = {isa = PBXBuildFile; fileRef = FB08592A20409CDB00951471 /* filter-29.png */; };
		FB08592E20409CDB00951471 /* filter-50.png in Resources */ = {isa = PBXBuildFile; fileRef = FB08592B20409CDB00951471 /* filter-50.png */; };
		FB102CD91C78BD55007CC228 /* PubDetailTableViewController.swift in Sources */ = {isa = PBXBuildFile; fileRef = FB102CD81C78BD55007CC228 /* PubDetailTableViewController.swift */; };
		FB27F3EE1CAC3DE700C2F41A /* Constants.swift in Sources */ = {isa = PBXBuildFile; fileRef = FB27F3ED1CAC3DE700C2F41A /* Constants.swift */; };
		FB27F3F01CAC3E4F00C2F41A /* AppDelegate.swift in Sources */ = {isa = PBXBuildFile; fileRef = FB27F3EF1CAC3E4F00C2F41A /* AppDelegate.swift */; };
		FB27F3F21CAC3F0600C2F41A /* SearchTableViewController.swift in Sources */ = {isa = PBXBuildFile; fileRef = FB27F3F11CAC3F0600C2F41A /* SearchTableViewController.swift */; };
		FB27F41A1CB95D2600C2F41A /* search-29.png in Resources */ = {isa = PBXBuildFile; fileRef = FB27F4171CB95D2600C2F41A /* search-29.png */; };
		FB27F41B1CB95D2600C2F41A /* search-50.png in Resources */ = {isa = PBXBuildFile; fileRef = FB27F4181CB95D2600C2F41A /* search-50.png */; };
		FB27F41C1CB95D2600C2F41A /* search-72.png in Resources */ = {isa = PBXBuildFile; fileRef = FB27F4191CB95D2600C2F41A /* search-72.png */; };
		FB28F5CC1D4297AC003475DC /* TabBarController.swift in Sources */ = {isa = PBXBuildFile; fileRef = FB28F5CB1D4297AC003475DC /* TabBarController.swift */; };
		FB28F5E81D4CC2CB003475DC /* AddToPubCrawlViewController.swift in Sources */ = {isa = PBXBuildFile; fileRef = FB28F5E71D4CC2CB003475DC /* AddToPubCrawlViewController.swift */; };
		FB2B77241E323B2E00B4FEF9 /* CreatePubCrawlViewController.swift in Sources */ = {isa = PBXBuildFile; fileRef = FB2B77231E323B2E00B4FEF9 /* CreatePubCrawlViewController.swift */; };
		FB2B77261E3240E700B4FEF9 /* AbstractViewController.swift in Sources */ = {isa = PBXBuildFile; fileRef = FB2B77251E3240E700B4FEF9 /* AbstractViewController.swift */; };
		FB3156BD1DAE99DA005A867D /* IndexPathExtensions.swift in Sources */ = {isa = PBXBuildFile; fileRef = FB3156BC1DAE99DA005A867D /* IndexPathExtensions.swift */; };
		FB3156C11DB14636005A867D /* FoodHygieneRating.swift in Sources */ = {isa = PBXBuildFile; fileRef = FB3156C01DB14636005A867D /* FoodHygieneRating.swift */; };
		FB3675F51C944DE6008EFD3C /* gear-29.png in Resources */ = {isa = PBXBuildFile; fileRef = FB3675F21C944DE6008EFD3C /* gear-29.png */; };
		FB3675F61C944DE6008EFD3C /* gear-50.png in Resources */ = {isa = PBXBuildFile; fileRef = FB3675F31C944DE6008EFD3C /* gear-50.png */; };
		FB3675F71C944DE6008EFD3C /* gear-72.png in Resources */ = {isa = PBXBuildFile; fileRef = FB3675F41C944DE6008EFD3C /* gear-72.png */; };
		FB3675FB1C944FFF008EFD3C /* help-29.png in Resources */ = {isa = PBXBuildFile; fileRef = FB3675F81C944FFF008EFD3C /* help-29.png */; };
		FB3675FC1C944FFF008EFD3C /* help-50.png in Resources */ = {isa = PBXBuildFile; fileRef = FB3675F91C944FFF008EFD3C /* help-50.png */; };
		FB3676011C945725008EFD3C /* favourite-29.png in Resources */ = {isa = PBXBuildFile; fileRef = FB3675FE1C945725008EFD3C /* favourite-29.png */; };
		FB3676021C945725008EFD3C /* favourite-50.png in Resources */ = {isa = PBXBuildFile; fileRef = FB3675FF1C945725008EFD3C /* favourite-50.png */; };
		FB3676031C945725008EFD3C /* favourite-72.png in Resources */ = {isa = PBXBuildFile; fileRef = FB3676001C945725008EFD3C /* favourite-72.png */; };
		FB36760D1C945A36008EFD3C /* sort-50.png in Resources */ = {isa = PBXBuildFile; fileRef = FB3676041C945A36008EFD3C /* sort-50.png */; };
		FB36760E1C945A36008EFD3C /* sort-29.png in Resources */ = {isa = PBXBuildFile; fileRef = FB3676051C945A36008EFD3C /* sort-29.png */; };
		FB36760F1C945A36008EFD3C /* sort-72.png in Resources */ = {isa = PBXBuildFile; fileRef = FB3676061C945A36008EFD3C /* sort-72.png */; };
		FB3676101C945A36008EFD3C /* globe-29.png in Resources */ = {isa = PBXBuildFile; fileRef = FB3676071C945A36008EFD3C /* globe-29.png */; };
		FB3676111C945A36008EFD3C /* globe-50.png in Resources */ = {isa = PBXBuildFile; fileRef = FB3676081C945A36008EFD3C /* globe-50.png */; };
		FB3676121C945A36008EFD3C /* globe-72.png in Resources */ = {isa = PBXBuildFile; fileRef = FB3676091C945A36008EFD3C /* globe-72.png */; };
		FB3676131C945A36008EFD3C /* copy-29.png in Resources */ = {isa = PBXBuildFile; fileRef = FB36760A1C945A36008EFD3C /* copy-29.png */; };
		FB3676141C945A36008EFD3C /* copy-50.png in Resources */ = {isa = PBXBuildFile; fileRef = FB36760B1C945A36008EFD3C /* copy-50.png */; };
		FB3676151C945A36008EFD3C /* copy-72.png in Resources */ = {isa = PBXBuildFile; fileRef = FB36760C1C945A36008EFD3C /* copy-72.png */; };
		FB3676181C94AD54008EFD3C /* HelpViewController.swift in Sources */ = {isa = PBXBuildFile; fileRef = FB3676171C94AD54008EFD3C /* HelpViewController.swift */; };
		FB36761C1C94BF06008EFD3C /* email-29.png in Resources */ = {isa = PBXBuildFile; fileRef = FB3676191C94BF06008EFD3C /* email-29.png */; };
		FB36761D1C94BF06008EFD3C /* email-50.png in Resources */ = {isa = PBXBuildFile; fileRef = FB36761A1C94BF06008EFD3C /* email-50.png */; };
		FB36761E1C94BF06008EFD3C /* email-72.png in Resources */ = {isa = PBXBuildFile; fileRef = FB36761B1C94BF06008EFD3C /* email-72.png */; };
		FB3ED9F21C726950000FDAC7 /* Main.storyboard in Resources */ = {isa = PBXBuildFile; fileRef = FB3ED9F01C726950000FDAC7 /* Main.storyboard */; };
		FB3ED9F41C726950000FDAC7 /* Assets.xcassets in Resources */ = {isa = PBXBuildFile; fileRef = FB3ED9F31C726950000FDAC7 /* Assets.xcassets */; };
		FB3ED9F71C726950000FDAC7 /* LaunchScreen.storyboard in Resources */ = {isa = PBXBuildFile; fileRef = FB3ED9F51C726950000FDAC7 /* LaunchScreen.storyboard */; };
		FB3EDA021C726951000FDAC7 /* pubCrawlerTests.swift in Sources */ = {isa = PBXBuildFile; fileRef = FB3EDA011C726951000FDAC7 /* pubCrawlerTests.swift */; };
		FB3EDA0D1C72697E000FDAC7 /* Pub.swift in Sources */ = {isa = PBXBuildFile; fileRef = FB3EDA0C1C72697E000FDAC7 /* Pub.swift */; };
		FB3EDA0F1C726BFC000FDAC7 /* ListOfPubs.swift in Sources */ = {isa = PBXBuildFile; fileRef = FB3EDA0E1C726BFC000FDAC7 /* ListOfPubs.swift */; };
		FB43D57523535C9600491677 /* right-circle-240.png in Resources */ = {isa = PBXBuildFile; fileRef = FB43D57323535C9600491677 /* right-circle-240.png */; };
		FB43D57723535E4C00491677 /* down-circle-240.png in Resources */ = {isa = PBXBuildFile; fileRef = FB43D57623535E4B00491677 /* down-circle-240.png */; };
		FB43D57923538ED800491677 /* SearchBeerTableViewController.swift in Sources */ = {isa = PBXBuildFile; fileRef = FB43D57823538ED800491677 /* SearchBeerTableViewController.swift */; };
		FB43D57B2353AEB300491677 /* BeerTableViewCell.swift in Sources */ = {isa = PBXBuildFile; fileRef = FB43D57A2353AEB300491677 /* BeerTableViewCell.swift */; };
		FB46A91C234118130029CF91 /* Beer.swift in Sources */ = {isa = PBXBuildFile; fileRef = FB46A91B234118130029CF91 /* Beer.swift */; };
		FB46A91F2341186F0029CF91 /* ListOfBeers.swift in Sources */ = {isa = PBXBuildFile; fileRef = FB46A91E2341186F0029CF91 /* ListOfBeers.swift */; };
		FB6C97BF1E17DE9500642861 /* phone-29.png in Resources */ = {isa = PBXBuildFile; fileRef = FB6C97BC1E17DE9500642861 /* phone-29.png */; };
		FB6C97C01E17DE9500642861 /* phone-50.png in Resources */ = {isa = PBXBuildFile; fileRef = FB6C97BD1E17DE9500642861 /* phone-50.png */; };
		FB6C97C11E17DE9500642861 /* phone-72.png in Resources */ = {isa = PBXBuildFile; fileRef = FB6C97BE1E17DE9500642861 /* phone-72.png */; };
		FB6E0C4C254B6ADC004385B6 /* globe-dark-29.png in Resources */ = {isa = PBXBuildFile; fileRef = FB6E0C3B254B6ADC004385B6 /* globe-dark-29.png */; };
		FB6E0C4D254B6ADC004385B6 /* CrossHair-dark-60.png in Resources */ = {isa = PBXBuildFile; fileRef = FB6E0C3E254B6ADC004385B6 /* CrossHair-dark-60.png */; };
		FB6E0C4E254B6ADC004385B6 /* phone-dark-29.png in Resources */ = {isa = PBXBuildFile; fileRef = FB6E0C3F254B6ADC004385B6 /* phone-dark-29.png */; };
		FB6E0C4F254B6ADC004385B6 /* help-dark-72.png in Resources */ = {isa = PBXBuildFile; fileRef = FB6E0C40254B6ADC004385B6 /* help-dark-72.png */; };
		FB6E0C50254B6ADC004385B6 /* help-dark-50.png in Resources */ = {isa = PBXBuildFile; fileRef = FB6E0C41254B6ADC004385B6 /* help-dark-50.png */; };
		FB6E0C51254B6ADC004385B6 /* CrossHair-dark-40.png in Resources */ = {isa = PBXBuildFile; fileRef = FB6E0C42254B6ADC004385B6 /* CrossHair-dark-40.png */; };
		FB6E0C52254B6ADC004385B6 /* phone-dark-72.png in Resources */ = {isa = PBXBuildFile; fileRef = FB6E0C43254B6ADC004385B6 /* phone-dark-72.png */; };
		FB6E0C53254B6ADC004385B6 /* bug-dark-50.png in Resources */ = {isa = PBXBuildFile; fileRef = FB6E0C44254B6ADC004385B6 /* bug-dark-50.png */; };
		FB6E0C54254B6ADC004385B6 /* help-dark-29.png in Resources */ = {isa = PBXBuildFile; fileRef = FB6E0C45254B6ADC004385B6 /* help-dark-29.png */; };
		FB6E0C55254B6ADC004385B6 /* globe-dark-50.png in Resources */ = {isa = PBXBuildFile; fileRef = FB6E0C46254B6ADC004385B6 /* globe-dark-50.png */; };
		FB6E0C56254B6ADC004385B6 /* bug-dark-29.png in Resources */ = {isa = PBXBuildFile; fileRef = FB6E0C47254B6ADC004385B6 /* bug-dark-29.png */; };
		FB6E0C57254B6ADC004385B6 /* globe-dark-72.png in Resources */ = {isa = PBXBuildFile; fileRef = FB6E0C48254B6ADC004385B6 /* globe-dark-72.png */; };
		FB6E0C58254B6ADC004385B6 /* phone-dark-50.png in Resources */ = {isa = PBXBuildFile; fileRef = FB6E0C49254B6ADC004385B6 /* phone-dark-50.png */; };
		FB6E0C59254B6ADC004385B6 /* CrossHair-dark-29.png in Resources */ = {isa = PBXBuildFile; fileRef = FB6E0C4A254B6ADC004385B6 /* CrossHair-dark-29.png */; };
		FB6E0C5A254B6ADC004385B6 /* bug-dark-72.png in Resources */ = {isa = PBXBuildFile; fileRef = FB6E0C4B254B6ADC004385B6 /* bug-dark-72.png */; };
		FB77C2A91D34143C00B91E43 /* StringExtensions.swift in Sources */ = {isa = PBXBuildFile; fileRef = FB77C2A81D34143C00B91E43 /* StringExtensions.swift */; };
		FB77C2AB1D34145E00B91E43 /* DictionaryExtensions.swift in Sources */ = {isa = PBXBuildFile; fileRef = FB77C2AA1D34145E00B91E43 /* DictionaryExtensions.swift */; };
		FB77C2B71D36D02900B91E43 /* ItemSwitchCell.swift in Sources */ = {isa = PBXBuildFile; fileRef = FB77C2B61D36D02900B91E43 /* ItemSwitchCell.swift */; };
		FB7897C1235348B90085F58B /* beer-29.png in Resources */ = {isa = PBXBuildFile; fileRef = FB7897BE235348B80085F58B /* beer-29.png */; };
		FB7897C2235348B90085F58B /* beer-50.png in Resources */ = {isa = PBXBuildFile; fileRef = FB7897BF235348B80085F58B /* beer-50.png */; };
		FB7897C3235348B90085F58B /* beer-72.png in Resources */ = {isa = PBXBuildFile; fileRef = FB7897C0235348B90085F58B /* beer-72.png */; };
		FB864B751D4146BC00FB7F30 /* NSURLExtensions.swift in Sources */ = {isa = PBXBuildFile; fileRef = FB864B741D4146BC00FB7F30 /* NSURLExtensions.swift */; };
		FB8A67331E6A03B6000EE992 /* PubImageView.swift in Sources */ = {isa = PBXBuildFile; fileRef = FB8A67321E6A03B6000EE992 /* PubImageView.swift */; };
		FB8A67351E6A1276000EE992 /* PictureTableViewCell.swift in Sources */ = {isa = PBXBuildFile; fileRef = FB8A67341E6A1276000EE992 /* PictureTableViewCell.swift */; };
		FB950E601DD89A5700B86AB3 /* Location.swift in Sources */ = {isa = PBXBuildFile; fileRef = FB950E5F1DD89A5700B86AB3 /* Location.swift */; };
		FB9A3AD31DB28F3A008AB628 /* HygieneRatingCell.swift in Sources */ = {isa = PBXBuildFile; fileRef = FB9A3AD21DB28F3A008AB628 /* HygieneRatingCell.swift */; };
		FB9A3AD71DB7FEE7008AB628 /* LongAboutTableViewCell.swift in Sources */ = {isa = PBXBuildFile; fileRef = FB9A3AD61DB7FEE7008AB628 /* LongAboutTableViewCell.swift */; };
		FBAF88A71C833FB90043A612 /* PubCrawlMapViewController.swift in Sources */ = {isa = PBXBuildFile; fileRef = FBAF88A61C833FB90043A612 /* PubCrawlMapViewController.swift */; };
		FBAF88A91C876A610043A612 /* AbstractTableViewController.swift in Sources */ = {isa = PBXBuildFile; fileRef = FBAF88A81C876A610043A612 /* AbstractTableViewController.swift */; };
		FBAF88AC1C8780500043A612 /* SettingsTableViewCell.swift in Sources */ = {isa = PBXBuildFile; fileRef = FBAF88AA1C8780500043A612 /* SettingsTableViewCell.swift */; };
		FBAF88AD1C8780500043A612 /* SettingsTableViewCell.xib in Resources */ = {isa = PBXBuildFile; fileRef = FBAF88AB1C8780500043A612 /* SettingsTableViewCell.xib */; };
		FBAF88AF1C8781260043A612 /* FilterTableViewController.swift in Sources */ = {isa = PBXBuildFile; fileRef = FBAF88AE1C8781260043A612 /* FilterTableViewController.swift */; };
		FBAF88B31C8B2B5B0043A612 /* UId.swift in Sources */ = {isa = PBXBuildFile; fileRef = FBAF88B21C8B2B5B0043A612 /* UId.swift */; };
		FBAF88B51C8C9A180043A612 /* PubCrawlSettingTableViewCell.swift in Sources */ = {isa = PBXBuildFile; fileRef = FBAF88B41C8C9A180043A612 /* PubCrawlSettingTableViewCell.swift */; };
		FBAF88DB1C90C7D40043A612 /* Icon-40.png in Resources */ = {isa = PBXBuildFile; fileRef = FBAF88D01C90C7D40043A612 /* Icon-40.png */; };
		FBAF88DC1C90C7D40043A612 /* Icon-40@2x.png in Resources */ = {isa = PBXBuildFile; fileRef = FBAF88D11C90C7D40043A612 /* Icon-40@2x.png */; };
		FBAF88DD1C90C7D40043A612 /* Icon-40@3x.png in Resources */ = {isa = PBXBuildFile; fileRef = FBAF88D21C90C7D40043A612 /* Icon-40@3x.png */; };
		FBAF88DE1C90C7D40043A612 /* Icon-60@2x.png in Resources */ = {isa = PBXBuildFile; fileRef = FBAF88D31C90C7D40043A612 /* Icon-60@2x.png */; };
		FBAF88DF1C90C7D40043A612 /* Icon-60@3x.png in Resources */ = {isa = PBXBuildFile; fileRef = FBAF88D41C90C7D40043A612 /* Icon-60@3x.png */; };
		FBAF88E01C90C7D40043A612 /* Icon-76.png in Resources */ = {isa = PBXBuildFile; fileRef = FBAF88D51C90C7D40043A612 /* Icon-76.png */; };
		FBAF88E11C90C7D40043A612 /* Icon-76@2x.png in Resources */ = {isa = PBXBuildFile; fileRef = FBAF88D61C90C7D40043A612 /* Icon-76@2x.png */; };
		FBAF88E21C90C7D40043A612 /* Icon-83.5@2x.png in Resources */ = {isa = PBXBuildFile; fileRef = FBAF88D71C90C7D40043A612 /* Icon-83.5@2x.png */; };
		FBAF88E31C90C7D40043A612 /* Icon-Small.png in Resources */ = {isa = PBXBuildFile; fileRef = FBAF88D81C90C7D40043A612 /* Icon-Small.png */; };
		FBAF88E41C90C7D40043A612 /* Icon-Small@2x.png in Resources */ = {isa = PBXBuildFile; fileRef = FBAF88D91C90C7D40043A612 /* Icon-Small@2x.png */; };
		FBAF88E51C90C7D40043A612 /* Icon-Small@3x.png in Resources */ = {isa = PBXBuildFile; fileRef = FBAF88DA1C90C7D40043A612 /* Icon-Small@3x.png */; };
		FBAF88ED1C934C730043A612 /* CrossHair-60.png in Resources */ = {isa = PBXBuildFile; fileRef = FBAF88EA1C934C730043A612 /* CrossHair-60.png */; };
		FBAF88F01C934F820043A612 /* CrossHair-40.png in Resources */ = {isa = PBXBuildFile; fileRef = FBAF88EE1C934F820043A612 /* CrossHair-40.png */; };
		FBAF88F11C934F820043A612 /* CrossHair-Small.png in Resources */ = {isa = PBXBuildFile; fileRef = FBAF88EF1C934F820043A612 /* CrossHair-Small.png */; };
		FBAF88FA1C943F410043A612 /* bug-50.png in Resources */ = {isa = PBXBuildFile; fileRef = FBAF88F81C943F410043A612 /* bug-50.png */; };
		FBAF88FB1C943F410043A612 /* bug-72.png in Resources */ = {isa = PBXBuildFile; fileRef = FBAF88F91C943F410043A612 /* bug-72.png */; };
		FBBB0F2F1FA7C7C2004E9D95 /* pubCrawl.png in Resources */ = {isa = PBXBuildFile; fileRef = FBBB0F2E1FA7C7C2004E9D95 /* pubCrawl.png */; };
		FBCDC7C51C81B4DA00A74ABA /* PubCrawlDetailTableViewController.swift in Sources */ = {isa = PBXBuildFile; fileRef = FBCDC7C41C81B4DA00A74ABA /* PubCrawlDetailTableViewController.swift */; };
		FBCDC7C91C81B8F500A74ABA /* PubCrawlNameTableViewCell.swift in Sources */ = {isa = PBXBuildFile; fileRef = FBCDC7C81C81B8F500A74ABA /* PubCrawlNameTableViewCell.swift */; };
		FBCDC7CC1C81CD0B00A74ABA /* PubNameTableViewCell.swift in Sources */ = {isa = PBXBuildFile; fileRef = FBCDC7CA1C81CD0B00A74ABA /* PubNameTableViewCell.swift */; };
		FBE820331F816D5400098082 /* SearchBarExtension.swift in Sources */ = {isa = PBXBuildFile; fileRef = FBE820321F816D5400098082 /* SearchBarExtension.swift */; };
		FBF2AC6D1C78FA1300B7A7DF /* MapViewController.swift in Sources */ = {isa = PBXBuildFile; fileRef = FBF2AC6C1C78FA1300B7A7DF /* MapViewController.swift */; };
		FBF2AC6F1C7915EE00B7A7DF /* CoreLocation.framework in Frameworks */ = {isa = PBXBuildFile; fileRef = FBF2AC6E1C7915ED00B7A7DF /* CoreLocation.framework */; };
		FBF2AC711C79DB7B00B7A7DF /* PubCrawlsTableViewController.swift in Sources */ = {isa = PBXBuildFile; fileRef = FBF2AC701C79DB7B00B7A7DF /* PubCrawlsTableViewController.swift */; };
		FBF2AC731C79DD3A00B7A7DF /* ListOfPubCrawls.swift in Sources */ = {isa = PBXBuildFile; fileRef = FBF2AC721C79DD3A00B7A7DF /* ListOfPubCrawls.swift */; };
		FBF2AC791C7BADA500B7A7DF /* PubCrawl.swift in Sources */ = {isa = PBXBuildFile; fileRef = FBF2AC781C7BADA400B7A7DF /* PubCrawl.swift */; };
		FBFA79BD2354DBC0008288B3 /* ListOfBeerOrPub.swift in Sources */ = {isa = PBXBuildFile; fileRef = FBFA79BC2354DBC0008288B3 /* ListOfBeerOrPub.swift */; };
/* End PBXBuildFile section */

/* Begin PBXContainerItemProxy section */
		FB3ED9FE1C726951000FDAC7 /* PBXContainerItemProxy */ = {
			isa = PBXContainerItemProxy;
			containerPortal = FB3ED9DF1C72694E000FDAC7 /* Project object */;
			proxyType = 1;
			remoteGlobalIDString = FB3ED9E61C72694E000FDAC7;
			remoteInfo = pubCrawler;
		};
		FBBB0F251FA61C1C004E9D95 /* PBXContainerItemProxy */ = {
			isa = PBXContainerItemProxy;
			containerPortal = FBBB0F201FA61C1C004E9D95 /* MNWebServiceCall.xcodeproj */;
			proxyType = 2;
			remoteGlobalIDString = FB09032F1F9B953200F10EBA;
			remoteInfo = MNWebServiceCall;
		};
		FBBB0F271FA61C1C004E9D95 /* PBXContainerItemProxy */ = {
			isa = PBXContainerItemProxy;
			containerPortal = FBBB0F201FA61C1C004E9D95 /* MNWebServiceCall.xcodeproj */;
			proxyType = 2;
			remoteGlobalIDString = FB0903381F9B953200F10EBA;
			remoteInfo = MNWebServiceCallTests;
		};
/* End PBXContainerItemProxy section */

/* Begin PBXCopyFilesBuildPhase section */
		FB0544D5251F782700AA9482 /* Embed Frameworks */ = {
			isa = PBXCopyFilesBuildPhase;
			buildActionMask = 2147483647;
			dstPath = "";
			dstSubfolderSpec = 10;
			files = (
				FB0544D4251F782700AA9482 /* MNWebServiceCall.framework in Embed Frameworks */,
			);
			name = "Embed Frameworks";
			runOnlyForDeploymentPostprocessing = 0;
		};
/* End PBXCopyFilesBuildPhase section */

/* Begin PBXFileReference section */
		FB0147F520011862005750BF /* CallWebService.swift */ = {isa = PBXFileReference; lastKnownFileType = sourcecode.swift; path = CallWebService.swift; sourceTree = "<group>"; };
		FB0259521E635E2400AB69EC /* PictureViewController.swift */ = {isa = PBXFileReference; fileEncoding = 4; lastKnownFileType = sourcecode.swift; path = PictureViewController.swift; sourceTree = "<group>"; };
		FB0651601DBAAE41009B0A51 /* LabelViewExtensions.swift */ = {isa = PBXFileReference; fileEncoding = 4; lastKnownFileType = sourcecode.swift; path = LabelViewExtensions.swift; sourceTree = "<group>"; };
		FB0651621DBAC3A8009B0A51 /* AddressTableViewCell.swift */ = {isa = PBXFileReference; fileEncoding = 4; lastKnownFileType = sourcecode.swift; path = AddressTableViewCell.swift; sourceTree = "<group>"; };
		FB0651641DC4EE16009B0A51 /* CollectionExtensions.swift */ = {isa = PBXFileReference; fileEncoding = 4; lastKnownFileType = sourcecode.swift; path = CollectionExtensions.swift; sourceTree = "<group>"; };
		FB0651661DC65CE6009B0A51 /* HygieneHelpViewController.swift */ = {isa = PBXFileReference; fileEncoding = 4; lastKnownFileType = sourcecode.swift; path = HygieneHelpViewController.swift; sourceTree = "<group>"; };
		FB08592820409CDB00951471 /* filter-72.png */ = {isa = PBXFileReference; lastKnownFileType = image.png; path = "filter-72.png"; sourceTree = SOURCE_ROOT; };
		FB08592A20409CDB00951471 /* filter-29.png */ = {isa = PBXFileReference; lastKnownFileType = image.png; path = "filter-29.png"; sourceTree = SOURCE_ROOT; };
		FB08592B20409CDB00951471 /* filter-50.png */ = {isa = PBXFileReference; lastKnownFileType = image.png; path = "filter-50.png"; sourceTree = SOURCE_ROOT; };
		FB102CD81C78BD55007CC228 /* PubDetailTableViewController.swift */ = {isa = PBXFileReference; fileEncoding = 4; lastKnownFileType = sourcecode.swift; name = PubDetailTableViewController.swift; path = ../PubDetailTableViewController.swift; sourceTree = "<group>"; };
		FB27F3ED1CAC3DE700C2F41A /* Constants.swift */ = {isa = PBXFileReference; fileEncoding = 4; lastKnownFileType = sourcecode.swift; path = Constants.swift; sourceTree = SOURCE_ROOT; };
		FB27F3EF1CAC3E4F00C2F41A /* AppDelegate.swift */ = {isa = PBXFileReference; fileEncoding = 4; lastKnownFileType = sourcecode.swift; path = AppDelegate.swift; sourceTree = SOURCE_ROOT; };
		FB27F3F11CAC3F0600C2F41A /* SearchTableViewController.swift */ = {isa = PBXFileReference; fileEncoding = 4; lastKnownFileType = sourcecode.swift; path = SearchTableViewController.swift; sourceTree = SOURCE_ROOT; };
		FB27F3F31CAC3F5100C2F41A /* Info.plist */ = {isa = PBXFileReference; fileEncoding = 4; lastKnownFileType = text.plist.xml; path = Info.plist; sourceTree = SOURCE_ROOT; };
		FB27F4171CB95D2600C2F41A /* search-29.png */ = {isa = PBXFileReference; lastKnownFileType = image.png; path = "search-29.png"; sourceTree = SOURCE_ROOT; };
		FB27F4181CB95D2600C2F41A /* search-50.png */ = {isa = PBXFileReference; lastKnownFileType = image.png; path = "search-50.png"; sourceTree = SOURCE_ROOT; };
		FB27F4191CB95D2600C2F41A /* search-72.png */ = {isa = PBXFileReference; lastKnownFileType = image.png; path = "search-72.png"; sourceTree = SOURCE_ROOT; };
		FB28F5CB1D4297AC003475DC /* TabBarController.swift */ = {isa = PBXFileReference; fileEncoding = 4; lastKnownFileType = sourcecode.swift; path = TabBarController.swift; sourceTree = "<group>"; };
		FB28F5E71D4CC2CB003475DC /* AddToPubCrawlViewController.swift */ = {isa = PBXFileReference; fileEncoding = 4; lastKnownFileType = sourcecode.swift; path = AddToPubCrawlViewController.swift; sourceTree = "<group>"; };
		FB2B77231E323B2E00B4FEF9 /* CreatePubCrawlViewController.swift */ = {isa = PBXFileReference; fileEncoding = 4; lastKnownFileType = sourcecode.swift; path = CreatePubCrawlViewController.swift; sourceTree = "<group>"; };
		FB2B77251E3240E700B4FEF9 /* AbstractViewController.swift */ = {isa = PBXFileReference; fileEncoding = 4; lastKnownFileType = sourcecode.swift; path = AbstractViewController.swift; sourceTree = "<group>"; };
		FB3156BC1DAE99DA005A867D /* IndexPathExtensions.swift */ = {isa = PBXFileReference; fileEncoding = 4; lastKnownFileType = sourcecode.swift; path = IndexPathExtensions.swift; sourceTree = "<group>"; };
		FB3156C01DB14636005A867D /* FoodHygieneRating.swift */ = {isa = PBXFileReference; fileEncoding = 4; lastKnownFileType = sourcecode.swift; path = FoodHygieneRating.swift; sourceTree = "<group>"; };
		FB3675F21C944DE6008EFD3C /* gear-29.png */ = {isa = PBXFileReference; lastKnownFileType = image.png; path = "gear-29.png"; sourceTree = SOURCE_ROOT; };
		FB3675F31C944DE6008EFD3C /* gear-50.png */ = {isa = PBXFileReference; lastKnownFileType = image.png; path = "gear-50.png"; sourceTree = SOURCE_ROOT; };
		FB3675F41C944DE6008EFD3C /* gear-72.png */ = {isa = PBXFileReference; lastKnownFileType = image.png; path = "gear-72.png"; sourceTree = SOURCE_ROOT; };
		FB3675F81C944FFF008EFD3C /* help-29.png */ = {isa = PBXFileReference; lastKnownFileType = image.png; path = "help-29.png"; sourceTree = SOURCE_ROOT; };
		FB3675F91C944FFF008EFD3C /* help-50.png */ = {isa = PBXFileReference; lastKnownFileType = image.png; path = "help-50.png"; sourceTree = SOURCE_ROOT; };
		FB3675FA1C944FFF008EFD3C /* help-72.png */ = {isa = PBXFileReference; lastKnownFileType = image.png; path = "help-72.png"; sourceTree = SOURCE_ROOT; };
		FB3675FE1C945725008EFD3C /* favourite-29.png */ = {isa = PBXFileReference; lastKnownFileType = image.png; path = "favourite-29.png"; sourceTree = SOURCE_ROOT; };
		FB3675FF1C945725008EFD3C /* favourite-50.png */ = {isa = PBXFileReference; lastKnownFileType = image.png; path = "favourite-50.png"; sourceTree = SOURCE_ROOT; };
		FB3676001C945725008EFD3C /* favourite-72.png */ = {isa = PBXFileReference; lastKnownFileType = image.png; path = "favourite-72.png"; sourceTree = SOURCE_ROOT; };
		FB3676041C945A36008EFD3C /* sort-50.png */ = {isa = PBXFileReference; lastKnownFileType = image.png; path = "sort-50.png"; sourceTree = SOURCE_ROOT; };
		FB3676051C945A36008EFD3C /* sort-29.png */ = {isa = PBXFileReference; lastKnownFileType = image.png; path = "sort-29.png"; sourceTree = SOURCE_ROOT; };
		FB3676061C945A36008EFD3C /* sort-72.png */ = {isa = PBXFileReference; lastKnownFileType = image.png; path = "sort-72.png"; sourceTree = SOURCE_ROOT; };
		FB3676071C945A36008EFD3C /* globe-29.png */ = {isa = PBXFileReference; lastKnownFileType = image.png; path = "globe-29.png"; sourceTree = SOURCE_ROOT; };
		FB3676081C945A36008EFD3C /* globe-50.png */ = {isa = PBXFileReference; lastKnownFileType = image.png; path = "globe-50.png"; sourceTree = SOURCE_ROOT; };
		FB3676091C945A36008EFD3C /* globe-72.png */ = {isa = PBXFileReference; lastKnownFileType = image.png; path = "globe-72.png"; sourceTree = SOURCE_ROOT; };
		FB36760A1C945A36008EFD3C /* copy-29.png */ = {isa = PBXFileReference; lastKnownFileType = image.png; path = "copy-29.png"; sourceTree = SOURCE_ROOT; };
		FB36760B1C945A36008EFD3C /* copy-50.png */ = {isa = PBXFileReference; lastKnownFileType = image.png; path = "copy-50.png"; sourceTree = SOURCE_ROOT; };
		FB36760C1C945A36008EFD3C /* copy-72.png */ = {isa = PBXFileReference; lastKnownFileType = image.png; path = "copy-72.png"; sourceTree = SOURCE_ROOT; };
		FB3676171C94AD54008EFD3C /* HelpViewController.swift */ = {isa = PBXFileReference; fileEncoding = 4; lastKnownFileType = sourcecode.swift; path = HelpViewController.swift; sourceTree = SOURCE_ROOT; };
		FB3676191C94BF06008EFD3C /* email-29.png */ = {isa = PBXFileReference; lastKnownFileType = image.png; path = "email-29.png"; sourceTree = SOURCE_ROOT; };
		FB36761A1C94BF06008EFD3C /* email-50.png */ = {isa = PBXFileReference; lastKnownFileType = image.png; path = "email-50.png"; sourceTree = SOURCE_ROOT; };
		FB36761B1C94BF06008EFD3C /* email-72.png */ = {isa = PBXFileReference; lastKnownFileType = image.png; path = "email-72.png"; sourceTree = SOURCE_ROOT; };
		FB3ED9E71C72694E000FDAC7 /* pubCrawler.app */ = {isa = PBXFileReference; explicitFileType = wrapper.application; includeInIndex = 0; path = pubCrawler.app; sourceTree = BUILT_PRODUCTS_DIR; };
		FB3ED9F11C726950000FDAC7 /* Base */ = {isa = PBXFileReference; lastKnownFileType = file.storyboard; name = Base; path = Base.lproj/Main.storyboard; sourceTree = "<group>"; };
		FB3ED9F31C726950000FDAC7 /* Assets.xcassets */ = {isa = PBXFileReference; lastKnownFileType = folder.assetcatalog; path = Assets.xcassets; sourceTree = "<group>"; };
		FB3ED9F61C726950000FDAC7 /* Base */ = {isa = PBXFileReference; lastKnownFileType = file.storyboard; name = Base; path = Base.lproj/LaunchScreen.storyboard; sourceTree = "<group>"; };
		FB3ED9FD1C726951000FDAC7 /* pubCrawlerTests.xctest */ = {isa = PBXFileReference; explicitFileType = wrapper.cfbundle; includeInIndex = 0; path = pubCrawlerTests.xctest; sourceTree = BUILT_PRODUCTS_DIR; };
		FB3EDA011C726951000FDAC7 /* pubCrawlerTests.swift */ = {isa = PBXFileReference; lastKnownFileType = sourcecode.swift; path = pubCrawlerTests.swift; sourceTree = "<group>"; };
		FB3EDA031C726951000FDAC7 /* Info.plist */ = {isa = PBXFileReference; lastKnownFileType = text.plist.xml; path = Info.plist; sourceTree = "<group>"; };
		FB3EDA0C1C72697E000FDAC7 /* Pub.swift */ = {isa = PBXFileReference; fileEncoding = 4; lastKnownFileType = sourcecode.swift; name = Pub.swift; path = ../Pub.swift; sourceTree = "<group>"; };
		FB3EDA0E1C726BFC000FDAC7 /* ListOfPubs.swift */ = {isa = PBXFileReference; fileEncoding = 4; lastKnownFileType = sourcecode.swift; name = ListOfPubs.swift; path = ../ListOfPubs.swift; sourceTree = "<group>"; };
		FB43D57323535C9600491677 /* right-circle-240.png */ = {isa = PBXFileReference; lastKnownFileType = image.png; path = "right-circle-240.png"; sourceTree = "<group>"; };
		FB43D57623535E4B00491677 /* down-circle-240.png */ = {isa = PBXFileReference; lastKnownFileType = image.png; path = "down-circle-240.png"; sourceTree = "<group>"; };
		FB43D57823538ED800491677 /* SearchBeerTableViewController.swift */ = {isa = PBXFileReference; lastKnownFileType = sourcecode.swift; path = SearchBeerTableViewController.swift; sourceTree = "<group>"; };
		FB43D57A2353AEB300491677 /* BeerTableViewCell.swift */ = {isa = PBXFileReference; lastKnownFileType = sourcecode.swift; path = BeerTableViewCell.swift; sourceTree = "<group>"; };
		FB46A91B234118130029CF91 /* Beer.swift */ = {isa = PBXFileReference; lastKnownFileType = sourcecode.swift; path = Beer.swift; sourceTree = "<group>"; };
		FB46A91E2341186F0029CF91 /* ListOfBeers.swift */ = {isa = PBXFileReference; lastKnownFileType = sourcecode.swift; path = ListOfBeers.swift; sourceTree = "<group>"; };
		FB6C97BC1E17DE9500642861 /* phone-29.png */ = {isa = PBXFileReference; lastKnownFileType = image.png; path = "phone-29.png"; sourceTree = SOURCE_ROOT; };
		FB6C97BD1E17DE9500642861 /* phone-50.png */ = {isa = PBXFileReference; lastKnownFileType = image.png; path = "phone-50.png"; sourceTree = SOURCE_ROOT; };
		FB6C97BE1E17DE9500642861 /* phone-72.png */ = {isa = PBXFileReference; lastKnownFileType = image.png; path = "phone-72.png"; sourceTree = SOURCE_ROOT; };
		FB6E0C3B254B6ADC004385B6 /* globe-dark-29.png */ = {isa = PBXFileReference; lastKnownFileType = image.png; path = "globe-dark-29.png"; sourceTree = "<group>"; };
		FB6E0C3E254B6ADC004385B6 /* CrossHair-dark-60.png */ = {isa = PBXFileReference; lastKnownFileType = image.png; path = "CrossHair-dark-60.png"; sourceTree = "<group>"; };
		FB6E0C3F254B6ADC004385B6 /* phone-dark-29.png */ = {isa = PBXFileReference; lastKnownFileType = image.png; path = "phone-dark-29.png"; sourceTree = "<group>"; };
		FB6E0C40254B6ADC004385B6 /* help-dark-72.png */ = {isa = PBXFileReference; lastKnownFileType = image.png; path = "help-dark-72.png"; sourceTree = "<group>"; };
		FB6E0C41254B6ADC004385B6 /* help-dark-50.png */ = {isa = PBXFileReference; lastKnownFileType = image.png; path = "help-dark-50.png"; sourceTree = "<group>"; };
		FB6E0C42254B6ADC004385B6 /* CrossHair-dark-40.png */ = {isa = PBXFileReference; lastKnownFileType = image.png; path = "CrossHair-dark-40.png"; sourceTree = "<group>"; };
		FB6E0C43254B6ADC004385B6 /* phone-dark-72.png */ = {isa = PBXFileReference; lastKnownFileType = image.png; path = "phone-dark-72.png"; sourceTree = "<group>"; };
		FB6E0C44254B6ADC004385B6 /* bug-dark-50.png */ = {isa = PBXFileReference; lastKnownFileType = image.png; path = "bug-dark-50.png"; sourceTree = "<group>"; };
		FB6E0C45254B6ADC004385B6 /* help-dark-29.png */ = {isa = PBXFileReference; lastKnownFileType = image.png; path = "help-dark-29.png"; sourceTree = "<group>"; };
		FB6E0C46254B6ADC004385B6 /* globe-dark-50.png */ = {isa = PBXFileReference; lastKnownFileType = image.png; path = "globe-dark-50.png"; sourceTree = "<group>"; };
		FB6E0C47254B6ADC004385B6 /* bug-dark-29.png */ = {isa = PBXFileReference; lastKnownFileType = image.png; path = "bug-dark-29.png"; sourceTree = "<group>"; };
		FB6E0C48254B6ADC004385B6 /* globe-dark-72.png */ = {isa = PBXFileReference; lastKnownFileType = image.png; path = "globe-dark-72.png"; sourceTree = "<group>"; };
		FB6E0C49254B6ADC004385B6 /* phone-dark-50.png */ = {isa = PBXFileReference; lastKnownFileType = image.png; path = "phone-dark-50.png"; sourceTree = "<group>"; };
		FB6E0C4A254B6ADC004385B6 /* CrossHair-dark-29.png */ = {isa = PBXFileReference; lastKnownFileType = image.png; path = "CrossHair-dark-29.png"; sourceTree = "<group>"; };
		FB6E0C4B254B6ADC004385B6 /* bug-dark-72.png */ = {isa = PBXFileReference; lastKnownFileType = image.png; path = "bug-dark-72.png"; sourceTree = "<group>"; };
		FB77C2A81D34143C00B91E43 /* StringExtensions.swift */ = {isa = PBXFileReference; fileEncoding = 4; lastKnownFileType = sourcecode.swift; path = StringExtensions.swift; sourceTree = "<group>"; };
		FB77C2AA1D34145E00B91E43 /* DictionaryExtensions.swift */ = {isa = PBXFileReference; fileEncoding = 4; lastKnownFileType = sourcecode.swift; path = DictionaryExtensions.swift; sourceTree = "<group>"; };
		FB77C2B61D36D02900B91E43 /* ItemSwitchCell.swift */ = {isa = PBXFileReference; fileEncoding = 4; lastKnownFileType = sourcecode.swift; path = ItemSwitchCell.swift; sourceTree = "<group>"; };
		FB7897BE235348B80085F58B /* beer-29.png */ = {isa = PBXFileReference; lastKnownFileType = image.png; path = "beer-29.png"; sourceTree = "<group>"; };
		FB7897BF235348B80085F58B /* beer-50.png */ = {isa = PBXFileReference; lastKnownFileType = image.png; path = "beer-50.png"; sourceTree = "<group>"; };
		FB7897C0235348B90085F58B /* beer-72.png */ = {isa = PBXFileReference; lastKnownFileType = image.png; path = "beer-72.png"; sourceTree = "<group>"; };
		FB864B741D4146BC00FB7F30 /* NSURLExtensions.swift */ = {isa = PBXFileReference; fileEncoding = 4; lastKnownFileType = sourcecode.swift; path = NSURLExtensions.swift; sourceTree = "<group>"; };
		FB8A67321E6A03B6000EE992 /* PubImageView.swift */ = {isa = PBXFileReference; fileEncoding = 4; lastKnownFileType = sourcecode.swift; path = PubImageView.swift; sourceTree = "<group>"; };
		FB8A67341E6A1276000EE992 /* PictureTableViewCell.swift */ = {isa = PBXFileReference; fileEncoding = 4; lastKnownFileType = sourcecode.swift; path = PictureTableViewCell.swift; sourceTree = "<group>"; };
		FB950E5F1DD89A5700B86AB3 /* Location.swift */ = {isa = PBXFileReference; fileEncoding = 4; lastKnownFileType = sourcecode.swift; path = Location.swift; sourceTree = "<group>"; };
		FB9A3AD21DB28F3A008AB628 /* HygieneRatingCell.swift */ = {isa = PBXFileReference; fileEncoding = 4; lastKnownFileType = sourcecode.swift; path = HygieneRatingCell.swift; sourceTree = "<group>"; };
		FB9A3AD61DB7FEE7008AB628 /* LongAboutTableViewCell.swift */ = {isa = PBXFileReference; fileEncoding = 4; lastKnownFileType = sourcecode.swift; path = LongAboutTableViewCell.swift; sourceTree = "<group>"; };
		FBAF88A61C833FB90043A612 /* PubCrawlMapViewController.swift */ = {isa = PBXFileReference; fileEncoding = 4; lastKnownFileType = sourcecode.swift; name = PubCrawlMapViewController.swift; path = ../PubCrawlMapViewController.swift; sourceTree = "<group>"; };
		FBAF88A81C876A610043A612 /* AbstractTableViewController.swift */ = {isa = PBXFileReference; fileEncoding = 4; lastKnownFileType = sourcecode.swift; name = AbstractTableViewController.swift; path = ../AbstractTableViewController.swift; sourceTree = "<group>"; };
		FBAF88AA1C8780500043A612 /* SettingsTableViewCell.swift */ = {isa = PBXFileReference; fileEncoding = 4; lastKnownFileType = sourcecode.swift; name = SettingsTableViewCell.swift; path = ../SettingsTableViewCell.swift; sourceTree = "<group>"; };
		FBAF88AB1C8780500043A612 /* SettingsTableViewCell.xib */ = {isa = PBXFileReference; fileEncoding = 4; lastKnownFileType = file.xib; name = SettingsTableViewCell.xib; path = ../SettingsTableViewCell.xib; sourceTree = "<group>"; };
		FBAF88AE1C8781260043A612 /* FilterTableViewController.swift */ = {isa = PBXFileReference; fileEncoding = 4; lastKnownFileType = sourcecode.swift; name = FilterTableViewController.swift; path = ../FilterTableViewController.swift; sourceTree = "<group>"; };
		FBAF88B21C8B2B5B0043A612 /* UId.swift */ = {isa = PBXFileReference; fileEncoding = 4; lastKnownFileType = sourcecode.swift; name = UId.swift; path = ../UId.swift; sourceTree = "<group>"; };
		FBAF88B41C8C9A180043A612 /* PubCrawlSettingTableViewCell.swift */ = {isa = PBXFileReference; fileEncoding = 4; lastKnownFileType = sourcecode.swift; name = PubCrawlSettingTableViewCell.swift; path = ../PubCrawlSettingTableViewCell.swift; sourceTree = "<group>"; };
		FBAF88D01C90C7D40043A612 /* Icon-40.png */ = {isa = PBXFileReference; lastKnownFileType = image.png; name = "Icon-40.png"; path = "../Icon-40.png"; sourceTree = "<group>"; };
		FBAF88D11C90C7D40043A612 /* Icon-40@2x.png */ = {isa = PBXFileReference; lastKnownFileType = image.png; name = "Icon-40@2x.png"; path = "../Icon-40@2x.png"; sourceTree = "<group>"; };
		FBAF88D21C90C7D40043A612 /* Icon-40@3x.png */ = {isa = PBXFileReference; lastKnownFileType = image.png; name = "Icon-40@3x.png"; path = "../Icon-40@3x.png"; sourceTree = "<group>"; };
		FBAF88D31C90C7D40043A612 /* Icon-60@2x.png */ = {isa = PBXFileReference; lastKnownFileType = image.png; name = "Icon-60@2x.png"; path = "../Icon-60@2x.png"; sourceTree = "<group>"; };
		FBAF88D41C90C7D40043A612 /* Icon-60@3x.png */ = {isa = PBXFileReference; lastKnownFileType = image.png; name = "Icon-60@3x.png"; path = "../Icon-60@3x.png"; sourceTree = "<group>"; };
		FBAF88D51C90C7D40043A612 /* Icon-76.png */ = {isa = PBXFileReference; lastKnownFileType = image.png; name = "Icon-76.png"; path = "../Icon-76.png"; sourceTree = "<group>"; };
		FBAF88D61C90C7D40043A612 /* Icon-76@2x.png */ = {isa = PBXFileReference; lastKnownFileType = image.png; name = "Icon-76@2x.png"; path = "../Icon-76@2x.png"; sourceTree = "<group>"; };
		FBAF88D71C90C7D40043A612 /* Icon-83.5@2x.png */ = {isa = PBXFileReference; lastKnownFileType = image.png; name = "Icon-83.5@2x.png"; path = "../Icon-83.5@2x.png"; sourceTree = "<group>"; };
		FBAF88D81C90C7D40043A612 /* Icon-Small.png */ = {isa = PBXFileReference; lastKnownFileType = image.png; name = "Icon-Small.png"; path = "../Icon-Small.png"; sourceTree = "<group>"; };
		FBAF88D91C90C7D40043A612 /* Icon-Small@2x.png */ = {isa = PBXFileReference; lastKnownFileType = image.png; name = "Icon-Small@2x.png"; path = "../Icon-Small@2x.png"; sourceTree = "<group>"; };
		FBAF88DA1C90C7D40043A612 /* Icon-Small@3x.png */ = {isa = PBXFileReference; lastKnownFileType = image.png; name = "Icon-Small@3x.png"; path = "../Icon-Small@3x.png"; sourceTree = "<group>"; };
		FBAF88EA1C934C730043A612 /* CrossHair-60.png */ = {isa = PBXFileReference; lastKnownFileType = image.png; path = "CrossHair-60.png"; sourceTree = SOURCE_ROOT; };
		FBAF88EE1C934F820043A612 /* CrossHair-40.png */ = {isa = PBXFileReference; lastKnownFileType = image.png; path = "CrossHair-40.png"; sourceTree = SOURCE_ROOT; };
		FBAF88EF1C934F820043A612 /* CrossHair-Small.png */ = {isa = PBXFileReference; lastKnownFileType = image.png; path = "CrossHair-Small.png"; sourceTree = SOURCE_ROOT; };
		FBAF88F21C943E270043A612 /* bug-29.png */ = {isa = PBXFileReference; lastKnownFileType = image.png; path = "bug-29.png"; sourceTree = SOURCE_ROOT; };
		FBAF88F81C943F410043A612 /* bug-50.png */ = {isa = PBXFileReference; lastKnownFileType = image.png; path = "bug-50.png"; sourceTree = SOURCE_ROOT; };
		FBAF88F91C943F410043A612 /* bug-72.png */ = {isa = PBXFileReference; lastKnownFileType = image.png; path = "bug-72.png"; sourceTree = SOURCE_ROOT; };
		FBBB0F201FA61C1C004E9D95 /* MNWebServiceCall.xcodeproj */ = {isa = PBXFileReference; lastKnownFileType = "wrapper.pb-project"; name = MNWebServiceCall.xcodeproj; path = ../../MNWebServiceCall/MNWebServiceCall/MNWebServiceCall.xcodeproj; sourceTree = "<group>"; };
		FBBB0F2E1FA7C7C2004E9D95 /* pubCrawl.png */ = {isa = PBXFileReference; lastKnownFileType = image.png; path = pubCrawl.png; sourceTree = SOURCE_ROOT; };
		FBCDC7C41C81B4DA00A74ABA /* PubCrawlDetailTableViewController.swift */ = {isa = PBXFileReference; fileEncoding = 4; lastKnownFileType = sourcecode.swift; name = PubCrawlDetailTableViewController.swift; path = ../PubCrawlDetailTableViewController.swift; sourceTree = "<group>"; };
		FBCDC7C81C81B8F500A74ABA /* PubCrawlNameTableViewCell.swift */ = {isa = PBXFileReference; fileEncoding = 4; lastKnownFileType = sourcecode.swift; name = PubCrawlNameTableViewCell.swift; path = ../PubCrawlNameTableViewCell.swift; sourceTree = "<group>"; };
		FBCDC7CA1C81CD0B00A74ABA /* PubNameTableViewCell.swift */ = {isa = PBXFileReference; fileEncoding = 4; lastKnownFileType = sourcecode.swift; name = PubNameTableViewCell.swift; path = ../PubNameTableViewCell.swift; sourceTree = "<group>"; };
		FBE820321F816D5400098082 /* SearchBarExtension.swift */ = {isa = PBXFileReference; lastKnownFileType = sourcecode.swift; path = SearchBarExtension.swift; sourceTree = "<group>"; };
		FBF2AC6C1C78FA1300B7A7DF /* MapViewController.swift */ = {isa = PBXFileReference; fileEncoding = 4; lastKnownFileType = sourcecode.swift; name = MapViewController.swift; path = ../MapViewController.swift; sourceTree = "<group>"; };
		FBF2AC6E1C7915ED00B7A7DF /* CoreLocation.framework */ = {isa = PBXFileReference; lastKnownFileType = wrapper.framework; name = CoreLocation.framework; path = System/Library/Frameworks/CoreLocation.framework; sourceTree = SDKROOT; };
		FBF2AC701C79DB7B00B7A7DF /* PubCrawlsTableViewController.swift */ = {isa = PBXFileReference; fileEncoding = 4; lastKnownFileType = sourcecode.swift; name = PubCrawlsTableViewController.swift; path = ../PubCrawlsTableViewController.swift; sourceTree = "<group>"; };
		FBF2AC721C79DD3A00B7A7DF /* ListOfPubCrawls.swift */ = {isa = PBXFileReference; fileEncoding = 4; lastKnownFileType = sourcecode.swift; name = ListOfPubCrawls.swift; path = ../ListOfPubCrawls.swift; sourceTree = "<group>"; };
		FBF2AC781C7BADA400B7A7DF /* PubCrawl.swift */ = {isa = PBXFileReference; fileEncoding = 4; lastKnownFileType = sourcecode.swift; name = PubCrawl.swift; path = ../PubCrawl.swift; sourceTree = "<group>"; };
		FBFA79BC2354DBC0008288B3 /* ListOfBeerOrPub.swift */ = {isa = PBXFileReference; lastKnownFileType = sourcecode.swift; path = ListOfBeerOrPub.swift; sourceTree = "<group>"; };
/* End PBXFileReference section */

/* Begin PBXFrameworksBuildPhase section */
		FB3ED9E41C72694E000FDAC7 /* Frameworks */ = {
			isa = PBXFrameworksBuildPhase;
			buildActionMask = 2147483647;
			files = (
				FB0544D3251F782700AA9482 /* MNWebServiceCall.framework in Frameworks */,
				FBF2AC6F1C7915EE00B7A7DF /* CoreLocation.framework in Frameworks */,
			);
			runOnlyForDeploymentPostprocessing = 0;
		};
		FB3ED9FA1C726951000FDAC7 /* Frameworks */ = {
			isa = PBXFrameworksBuildPhase;
			buildActionMask = 2147483647;
			files = (
			);
			runOnlyForDeploymentPostprocessing = 0;
		};
/* End PBXFrameworksBuildPhase section */

/* Begin PBXGroup section */
		FB0903541F9B988000F10EBA /* Frameworks */ = {
			isa = PBXGroup;
			children = (
			);
			name = Frameworks;
			sourceTree = "<group>";
		};
		FB3676161C945F6A008EFD3C /* Images */ = {
			isa = PBXGroup;
			children = (
				FB43D57623535E4B00491677 /* down-circle-240.png */,
				FB43D57323535C9600491677 /* right-circle-240.png */,
				FB7897BE235348B80085F58B /* beer-29.png */,
				FB7897BF235348B80085F58B /* beer-50.png */,
				FB7897C0235348B90085F58B /* beer-72.png */,
				FBAF88F21C943E270043A612 /* bug-29.png */,
				FBAF88F81C943F410043A612 /* bug-50.png */,
				FBAF88F91C943F410043A612 /* bug-72.png */,
				FB6E0C47254B6ADC004385B6 /* bug-dark-29.png */,
				FB6E0C44254B6ADC004385B6 /* bug-dark-50.png */,
				FB6E0C4B254B6ADC004385B6 /* bug-dark-72.png */,
				FBBB0F2E1FA7C7C2004E9D95 /* pubCrawl.png */,
				FB6C97BC1E17DE9500642861 /* phone-29.png */,
				FB6C97BD1E17DE9500642861 /* phone-50.png */,
				FB6C97BE1E17DE9500642861 /* phone-72.png */,
				FB6E0C3F254B6ADC004385B6 /* phone-dark-29.png */,
				FB6E0C49254B6ADC004385B6 /* phone-dark-50.png */,
				FB6E0C43254B6ADC004385B6 /* phone-dark-72.png */,
				FB36760A1C945A36008EFD3C /* copy-29.png */,
				FB36760B1C945A36008EFD3C /* copy-50.png */,
				FB36760C1C945A36008EFD3C /* copy-72.png */,
				FBAF88EF1C934F820043A612 /* CrossHair-Small.png */,
				FBAF88EE1C934F820043A612 /* CrossHair-40.png */,
				FBAF88EA1C934C730043A612 /* CrossHair-60.png */,
				FB6E0C4A254B6ADC004385B6 /* CrossHair-dark-29.png */,
				FB6E0C42254B6ADC004385B6 /* CrossHair-dark-40.png */,
				FB6E0C3E254B6ADC004385B6 /* CrossHair-dark-60.png */,
				FB3676191C94BF06008EFD3C /* email-29.png */,
				FB36761A1C94BF06008EFD3C /* email-50.png */,
				FB36761B1C94BF06008EFD3C /* email-72.png */,
				FB3675FE1C945725008EFD3C /* favourite-29.png */,
				FB3675FF1C945725008EFD3C /* favourite-50.png */,
				FB3676001C945725008EFD3C /* favourite-72.png */,
				FB3675F21C944DE6008EFD3C /* gear-29.png */,
				FB08592A20409CDB00951471 /* filter-29.png */,
				FB08592B20409CDB00951471 /* filter-50.png */,
				FB08592820409CDB00951471 /* filter-72.png */,
				FB3675F31C944DE6008EFD3C /* gear-50.png */,
				FB3675F41C944DE6008EFD3C /* gear-72.png */,
				FB3676071C945A36008EFD3C /* globe-29.png */,
				FB3676091C945A36008EFD3C /* globe-72.png */,
				FB3676081C945A36008EFD3C /* globe-50.png */,
				FB6E0C3B254B6ADC004385B6 /* globe-dark-29.png */,
				FB6E0C46254B6ADC004385B6 /* globe-dark-50.png */,
				FB6E0C48254B6ADC004385B6 /* globe-dark-72.png */,
				FB3675F81C944FFF008EFD3C /* help-29.png */,
				FB3675F91C944FFF008EFD3C /* help-50.png */,
				FB3675FA1C944FFF008EFD3C /* help-72.png */,
				FB6E0C45254B6ADC004385B6 /* help-dark-29.png */,
				FB6E0C41254B6ADC004385B6 /* help-dark-50.png */,
				FB6E0C40254B6ADC004385B6 /* help-dark-72.png */,
				FB27F4171CB95D2600C2F41A /* search-29.png */,
				FB27F4181CB95D2600C2F41A /* search-50.png */,
				FB27F4191CB95D2600C2F41A /* search-72.png */,
				FB3676051C945A36008EFD3C /* sort-29.png */,
				FB3676041C945A36008EFD3C /* sort-50.png */,
				FB3676061C945A36008EFD3C /* sort-72.png */,
				FBAF88D01C90C7D40043A612 /* Icon-40.png */,
				FBAF88D11C90C7D40043A612 /* Icon-40@2x.png */,
				FBAF88D21C90C7D40043A612 /* Icon-40@3x.png */,
				FBAF88D31C90C7D40043A612 /* Icon-60@2x.png */,
				FBAF88D41C90C7D40043A612 /* Icon-60@3x.png */,
				FBAF88D51C90C7D40043A612 /* Icon-76.png */,
				FBAF88D61C90C7D40043A612 /* Icon-76@2x.png */,
				FBAF88D71C90C7D40043A612 /* Icon-83.5@2x.png */,
				FBAF88D81C90C7D40043A612 /* Icon-Small.png */,
				FBAF88D91C90C7D40043A612 /* Icon-Small@2x.png */,
				FBAF88DA1C90C7D40043A612 /* Icon-Small@3x.png */,
			);
			name = Images;
			sourceTree = "<group>";
		};
		FB3ED9DE1C72694D000FDAC7 = {
			isa = PBXGroup;
			children = (
				FBBB0F201FA61C1C004E9D95 /* MNWebServiceCall.xcodeproj */,
				FBF2AC6E1C7915ED00B7A7DF /* CoreLocation.framework */,
				FB3ED9E91C72694F000FDAC7 /* pubCrawler */,
				FB3EDA001C726951000FDAC7 /* pubCrawlerTests */,
				FB3ED9E81C72694E000FDAC7 /* Products */,
				FB0903541F9B988000F10EBA /* Frameworks */,
			);
			sourceTree = "<group>";
		};
		FB3ED9E81C72694E000FDAC7 /* Products */ = {
			isa = PBXGroup;
			children = (
				FB3ED9E71C72694E000FDAC7 /* pubCrawler.app */,
				FB3ED9FD1C726951000FDAC7 /* pubCrawlerTests.xctest */,
			);
			name = Products;
			sourceTree = "<group>";
		};
		FB3ED9E91C72694F000FDAC7 /* pubCrawler */ = {
			isa = PBXGroup;
			children = (
				FBAF88A81C876A610043A612 /* AbstractTableViewController.swift */,
				FB2B77251E3240E700B4FEF9 /* AbstractViewController.swift */,
				FB28F5CB1D4297AC003475DC /* TabBarController.swift */,
				FB27F3EF1CAC3E4F00C2F41A /* AppDelegate.swift */,
				FB27F3ED1CAC3DE700C2F41A /* Constants.swift */,
				FB27F3F11CAC3F0600C2F41A /* SearchTableViewController.swift */,
				FB43D57823538ED800491677 /* SearchBeerTableViewController.swift */,
				FB102CD81C78BD55007CC228 /* PubDetailTableViewController.swift */,
				FB77C2B61D36D02900B91E43 /* ItemSwitchCell.swift */,
				FB9A3AD21DB28F3A008AB628 /* HygieneRatingCell.swift */,
				FB0651621DBAC3A8009B0A51 /* AddressTableViewCell.swift */,
				FB9A3AD61DB7FEE7008AB628 /* LongAboutTableViewCell.swift */,
				FBF2AC6C1C78FA1300B7A7DF /* MapViewController.swift */,
				FB8A67341E6A1276000EE992 /* PictureTableViewCell.swift */,
				FB0259521E635E2400AB69EC /* PictureViewController.swift */,
				FB8A67321E6A03B6000EE992 /* PubImageView.swift */,
				FBF2AC701C79DB7B00B7A7DF /* PubCrawlsTableViewController.swift */,
				FBCDC7C41C81B4DA00A74ABA /* PubCrawlDetailTableViewController.swift */,
				FB2B77231E323B2E00B4FEF9 /* CreatePubCrawlViewController.swift */,
				FBAF88B41C8C9A180043A612 /* PubCrawlSettingTableViewCell.swift */,
				FBCDC7C81C81B8F500A74ABA /* PubCrawlNameTableViewCell.swift */,
				FBCDC7CA1C81CD0B00A74ABA /* PubNameTableViewCell.swift */,
				FBAF88A61C833FB90043A612 /* PubCrawlMapViewController.swift */,
				FBAF88AE1C8781260043A612 /* FilterTableViewController.swift */,
				FBAF88AA1C8780500043A612 /* SettingsTableViewCell.swift */,
				FBAF88AB1C8780500043A612 /* SettingsTableViewCell.xib */,
				FB28F5E71D4CC2CB003475DC /* AddToPubCrawlViewController.swift */,
				FB3676171C94AD54008EFD3C /* HelpViewController.swift */,
				FB0651661DC65CE6009B0A51 /* HygieneHelpViewController.swift */,
				FB43D57A2353AEB300491677 /* BeerTableViewCell.swift */,
				FB8A67301E6760E5000EE992 /* Models */,
				FB3ED9F01C726950000FDAC7 /* Main.storyboard */,
				FB3ED9F51C726950000FDAC7 /* LaunchScreen.storyboard */,
				FB27F3F31CAC3F5100C2F41A /* Info.plist */,
				FB3ED9F31C726950000FDAC7 /* Assets.xcassets */,
				FB3676161C945F6A008EFD3C /* Images */,
			);
			path = pubCrawler;
			sourceTree = "<group>";
		};
		FB3EDA001C726951000FDAC7 /* pubCrawlerTests */ = {
			isa = PBXGroup;
			children = (
				FB3EDA011C726951000FDAC7 /* pubCrawlerTests.swift */,
				FB3EDA031C726951000FDAC7 /* Info.plist */,
			);
			path = pubCrawlerTests;
			sourceTree = "<group>";
		};
		FB8A67301E6760E5000EE992 /* Models */ = {
			isa = PBXGroup;
			children = (
				FB3EDA0C1C72697E000FDAC7 /* Pub.swift */,
				FB3EDA0E1C726BFC000FDAC7 /* ListOfPubs.swift */,
				FBF2AC781C7BADA400B7A7DF /* PubCrawl.swift */,
				FBF2AC721C79DD3A00B7A7DF /* ListOfPubCrawls.swift */,
				FB950E5F1DD89A5700B86AB3 /* Location.swift */,
				FB3156C01DB14636005A867D /* FoodHygieneRating.swift */,
				FBAF88B21C8B2B5B0043A612 /* UId.swift */,
				FB46A91B234118130029CF91 /* Beer.swift */,
				FB46A91E2341186F0029CF91 /* ListOfBeers.swift */,
				FB0147F520011862005750BF /* CallWebService.swift */,
				FBFA79BC2354DBC0008288B3 /* ListOfBeerOrPub.swift */,
				FB8A67311E6760F6000EE992 /* Extensions */,
			);
			name = Models;
			sourceTree = "<group>";
		};
		FB8A67311E6760F6000EE992 /* Extensions */ = {
			isa = PBXGroup;
			children = (
				FB77C2A81D34143C00B91E43 /* StringExtensions.swift */,
				FB3156BC1DAE99DA005A867D /* IndexPathExtensions.swift */,
				FB77C2AA1D34145E00B91E43 /* DictionaryExtensions.swift */,
				FB0651601DBAAE41009B0A51 /* LabelViewExtensions.swift */,
				FB864B741D4146BC00FB7F30 /* NSURLExtensions.swift */,
				FBE820321F816D5400098082 /* SearchBarExtension.swift */,
				FB0651641DC4EE16009B0A51 /* CollectionExtensions.swift */,
			);
			name = Extensions;
			sourceTree = "<group>";
		};
		FBBB0F211FA61C1C004E9D95 /* Products */ = {
			isa = PBXGroup;
			children = (
				FBBB0F261FA61C1C004E9D95 /* MNWebServiceCall.framework */,
				FBBB0F281FA61C1C004E9D95 /* MNWebServiceCallTests.xctest */,
			);
			name = Products;
			sourceTree = "<group>";
		};
/* End PBXGroup section */

/* Begin PBXNativeTarget section */
		FB3ED9E61C72694E000FDAC7 /* pubCrawler */ = {
			isa = PBXNativeTarget;
			buildConfigurationList = FB3EDA061C726951000FDAC7 /* Build configuration list for PBXNativeTarget "pubCrawler" */;
			buildPhases = (
				FB3ED9E31C72694E000FDAC7 /* Sources */,
				FB3ED9E41C72694E000FDAC7 /* Frameworks */,
				FB3ED9E51C72694E000FDAC7 /* Resources */,
				FB0544D5251F782700AA9482 /* Embed Frameworks */,
			);
			buildRules = (
			);
			dependencies = (
			);
			name = pubCrawler;
			productName = pubCrawler;
			productReference = FB3ED9E71C72694E000FDAC7 /* pubCrawler.app */;
			productType = "com.apple.product-type.application";
		};
		FB3ED9FC1C726951000FDAC7 /* pubCrawlerTests */ = {
			isa = PBXNativeTarget;
			buildConfigurationList = FB3EDA091C726951000FDAC7 /* Build configuration list for PBXNativeTarget "pubCrawlerTests" */;
			buildPhases = (
				FB3ED9F91C726951000FDAC7 /* Sources */,
				FB3ED9FA1C726951000FDAC7 /* Frameworks */,
				FB3ED9FB1C726951000FDAC7 /* Resources */,
			);
			buildRules = (
			);
			dependencies = (
				FB3ED9FF1C726951000FDAC7 /* PBXTargetDependency */,
			);
			name = pubCrawlerTests;
			productName = pubCrawlerTests;
			productReference = FB3ED9FD1C726951000FDAC7 /* pubCrawlerTests.xctest */;
			productType = "com.apple.product-type.bundle.unit-test";
		};
/* End PBXNativeTarget section */

/* Begin PBXProject section */
		FB3ED9DF1C72694E000FDAC7 /* Project object */ = {
			isa = PBXProject;
			attributes = {
				LastSwiftUpdateCheck = 0720;
				LastUpgradeCheck = 1200;
				ORGANIZATIONNAME = "Michael Neilens";
				TargetAttributes = {
					FB3ED9E61C72694E000FDAC7 = {
						CreatedOnToolsVersion = 7.2;
						DevelopmentTeam = QK48V24G7M;
						LastSwiftMigration = 1020;
						ProvisioningStyle = Automatic;
					};
					FB3ED9FC1C726951000FDAC7 = {
						CreatedOnToolsVersion = 7.2;
						DevelopmentTeam = QK48V24G7M;
						LastSwiftMigration = 1020;
						TestTargetID = FB3ED9E61C72694E000FDAC7;
					};
				};
			};
			buildConfigurationList = FB3ED9E21C72694E000FDAC7 /* Build configuration list for PBXProject "pubCrawler" */;
			compatibilityVersion = "Xcode 3.2";
			developmentRegion = en;
			hasScannedForEncodings = 0;
			knownRegions = (
				en,
				Base,
			);
			mainGroup = FB3ED9DE1C72694D000FDAC7;
			productRefGroup = FB3ED9E81C72694E000FDAC7 /* Products */;
			projectDirPath = "";
			projectReferences = (
				{
					ProductGroup = FBBB0F211FA61C1C004E9D95 /* Products */;
					ProjectRef = FBBB0F201FA61C1C004E9D95 /* MNWebServiceCall.xcodeproj */;
				},
			);
			projectRoot = "";
			targets = (
				FB3ED9E61C72694E000FDAC7 /* pubCrawler */,
				FB3ED9FC1C726951000FDAC7 /* pubCrawlerTests */,
			);
		};
/* End PBXProject section */

/* Begin PBXReferenceProxy section */
		FBBB0F261FA61C1C004E9D95 /* MNWebServiceCall.framework */ = {
			isa = PBXReferenceProxy;
			fileType = wrapper.framework;
			path = MNWebServiceCall.framework;
			remoteRef = FBBB0F251FA61C1C004E9D95 /* PBXContainerItemProxy */;
			sourceTree = BUILT_PRODUCTS_DIR;
		};
		FBBB0F281FA61C1C004E9D95 /* MNWebServiceCallTests.xctest */ = {
			isa = PBXReferenceProxy;
			fileType = wrapper.cfbundle;
			path = MNWebServiceCallTests.xctest;
			remoteRef = FBBB0F271FA61C1C004E9D95 /* PBXContainerItemProxy */;
			sourceTree = BUILT_PRODUCTS_DIR;
		};
/* End PBXReferenceProxy section */

/* Begin PBXResourcesBuildPhase section */
		FB3ED9E51C72694E000FDAC7 /* Resources */ = {
			isa = PBXResourcesBuildPhase;
			buildActionMask = 2147483647;
			files = (
				FBAF88FB1C943F410043A612 /* bug-72.png in Resources */,
				FB6E0C52254B6ADC004385B6 /* phone-dark-72.png in Resources */,
				FB36760E1C945A36008EFD3C /* sort-29.png in Resources */,
				FB3676021C945725008EFD3C /* favourite-50.png in Resources */,
				FB7897C3235348B90085F58B /* beer-72.png in Resources */,
				FB6E0C4C254B6ADC004385B6 /* globe-dark-29.png in Resources */,
				FB7897C1235348B90085F58B /* beer-29.png in Resources */,
				FB36760F1C945A36008EFD3C /* sort-72.png in Resources */,
				FB3676141C945A36008EFD3C /* copy-50.png in Resources */,
				FB6C97BF1E17DE9500642861 /* phone-29.png in Resources */,
				FBAF88E21C90C7D40043A612 /* Icon-83.5@2x.png in Resources */,
				FB3676111C945A36008EFD3C /* globe-50.png in Resources */,
				FBAF88E51C90C7D40043A612 /* Icon-Small@3x.png in Resources */,
				FB27F41A1CB95D2600C2F41A /* search-29.png in Resources */,
				FB3676101C945A36008EFD3C /* globe-29.png in Resources */,
				FB6C97C01E17DE9500642861 /* phone-50.png in Resources */,
				FB3ED9F71C726950000FDAC7 /* LaunchScreen.storyboard in Resources */,
				FB3675FC1C944FFF008EFD3C /* help-50.png in Resources */,
				FBAF88F01C934F820043A612 /* CrossHair-40.png in Resources */,
				FB6E0C54254B6ADC004385B6 /* help-dark-29.png in Resources */,
				FB3676151C945A36008EFD3C /* copy-72.png in Resources */,
				FB6E0C51254B6ADC004385B6 /* CrossHair-dark-40.png in Resources */,
				FB6E0C4E254B6ADC004385B6 /* phone-dark-29.png in Resources */,
				FBBB0F2F1FA7C7C2004E9D95 /* pubCrawl.png in Resources */,
				FBAF88F11C934F820043A612 /* CrossHair-Small.png in Resources */,
				FBAF88E41C90C7D40043A612 /* Icon-Small@2x.png in Resources */,
				FB36761E1C94BF06008EFD3C /* email-72.png in Resources */,
				FB6E0C56254B6ADC004385B6 /* bug-dark-29.png in Resources */,
				FBAF88FA1C943F410043A612 /* bug-50.png in Resources */,
				FB43D57523535C9600491677 /* right-circle-240.png in Resources */,
				FB43D57723535E4C00491677 /* down-circle-240.png in Resources */,
				FB3675F61C944DE6008EFD3C /* gear-50.png in Resources */,
				FB6E0C53254B6ADC004385B6 /* bug-dark-50.png in Resources */,
				FB6E0C55254B6ADC004385B6 /* globe-dark-50.png in Resources */,
				FBAF88E01C90C7D40043A612 /* Icon-76.png in Resources */,
				FB36760D1C945A36008EFD3C /* sort-50.png in Resources */,
				FB36761C1C94BF06008EFD3C /* email-29.png in Resources */,
				FBAF88AD1C8780500043A612 /* SettingsTableViewCell.xib in Resources */,
				FB3ED9F41C726950000FDAC7 /* Assets.xcassets in Resources */,
				FB6E0C50254B6ADC004385B6 /* help-dark-50.png in Resources */,
				FB27F41B1CB95D2600C2F41A /* search-50.png in Resources */,
				FB08592C20409CDB00951471 /* filter-72.png in Resources */,
				FB6C97C11E17DE9500642861 /* phone-72.png in Resources */,
				FB6E0C5A254B6ADC004385B6 /* bug-dark-72.png in Resources */,
				FB3ED9F21C726950000FDAC7 /* Main.storyboard in Resources */,
				FB36761D1C94BF06008EFD3C /* email-50.png in Resources */,
				FB3675F71C944DE6008EFD3C /* gear-72.png in Resources */,
				FB3676131C945A36008EFD3C /* copy-29.png in Resources */,
				FBAF88E31C90C7D40043A612 /* Icon-Small.png in Resources */,
				FBAF88DB1C90C7D40043A612 /* Icon-40.png in Resources */,
				FB27F41C1CB95D2600C2F41A /* search-72.png in Resources */,
				FB7897C2235348B90085F58B /* beer-50.png in Resources */,
				FB3676011C945725008EFD3C /* favourite-29.png in Resources */,
				FBAF88DF1C90C7D40043A612 /* Icon-60@3x.png in Resources */,
				FBAF88DC1C90C7D40043A612 /* Icon-40@2x.png in Resources */,
				FBAF88DD1C90C7D40043A612 /* Icon-40@3x.png in Resources */,
				FB6E0C57254B6ADC004385B6 /* globe-dark-72.png in Resources */,
				FB3675F51C944DE6008EFD3C /* gear-29.png in Resources */,
				FB08592E20409CDB00951471 /* filter-50.png in Resources */,
				FB6E0C59254B6ADC004385B6 /* CrossHair-dark-29.png in Resources */,
				FBAF88E11C90C7D40043A612 /* Icon-76@2x.png in Resources */,
				FB3676031C945725008EFD3C /* favourite-72.png in Resources */,
				FBAF88ED1C934C730043A612 /* CrossHair-60.png in Resources */,
				FB6E0C4D254B6ADC004385B6 /* CrossHair-dark-60.png in Resources */,
				FBAF88DE1C90C7D40043A612 /* Icon-60@2x.png in Resources */,
				FB6E0C58254B6ADC004385B6 /* phone-dark-50.png in Resources */,
				FB3675FB1C944FFF008EFD3C /* help-29.png in Resources */,
				FB3676121C945A36008EFD3C /* globe-72.png in Resources */,
				FB08592D20409CDB00951471 /* filter-29.png in Resources */,
				FB6E0C4F254B6ADC004385B6 /* help-dark-72.png in Resources */,
			);
			runOnlyForDeploymentPostprocessing = 0;
		};
		FB3ED9FB1C726951000FDAC7 /* Resources */ = {
			isa = PBXResourcesBuildPhase;
			buildActionMask = 2147483647;
			files = (
			);
			runOnlyForDeploymentPostprocessing = 0;
		};
/* End PBXResourcesBuildPhase section */

/* Begin PBXSourcesBuildPhase section */
		FB3ED9E31C72694E000FDAC7 /* Sources */ = {
			isa = PBXSourcesBuildPhase;
			buildActionMask = 2147483647;
			files = (
				FB77C2B71D36D02900B91E43 /* ItemSwitchCell.swift in Sources */,
				FB864B751D4146BC00FB7F30 /* NSURLExtensions.swift in Sources */,
				FB28F5CC1D4297AC003475DC /* TabBarController.swift in Sources */,
				FB102CD91C78BD55007CC228 /* PubDetailTableViewController.swift in Sources */,
				FBCDC7C51C81B4DA00A74ABA /* PubCrawlDetailTableViewController.swift in Sources */,
				FB3156BD1DAE99DA005A867D /* IndexPathExtensions.swift in Sources */,
				FB2B77261E3240E700B4FEF9 /* AbstractViewController.swift in Sources */,
				FB3676181C94AD54008EFD3C /* HelpViewController.swift in Sources */,
				FBAF88A71C833FB90043A612 /* PubCrawlMapViewController.swift in Sources */,
				FBAF88AC1C8780500043A612 /* SettingsTableViewCell.swift in Sources */,
				FBCDC7CC1C81CD0B00A74ABA /* PubNameTableViewCell.swift in Sources */,
				FB46A91C234118130029CF91 /* Beer.swift in Sources */,
				FBF2AC711C79DB7B00B7A7DF /* PubCrawlsTableViewController.swift in Sources */,
				FB9A3AD31DB28F3A008AB628 /* HygieneRatingCell.swift in Sources */,
				FBAF88AF1C8781260043A612 /* FilterTableViewController.swift in Sources */,
				FBF2AC791C7BADA500B7A7DF /* PubCrawl.swift in Sources */,
				FBFA79BD2354DBC0008288B3 /* ListOfBeerOrPub.swift in Sources */,
				FB0651671DC65CE6009B0A51 /* HygieneHelpViewController.swift in Sources */,
				FB950E601DD89A5700B86AB3 /* Location.swift in Sources */,
				FB3156C11DB14636005A867D /* FoodHygieneRating.swift in Sources */,
				FBAF88B31C8B2B5B0043A612 /* UId.swift in Sources */,
				FBAF88B51C8C9A180043A612 /* PubCrawlSettingTableViewCell.swift in Sources */,
				FB77C2AB1D34145E00B91E43 /* DictionaryExtensions.swift in Sources */,
				FB43D57B2353AEB300491677 /* BeerTableViewCell.swift in Sources */,
				FB46A91F2341186F0029CF91 /* ListOfBeers.swift in Sources */,
				FBF2AC731C79DD3A00B7A7DF /* ListOfPubCrawls.swift in Sources */,
				FB2B77241E323B2E00B4FEF9 /* CreatePubCrawlViewController.swift in Sources */,
				FB3EDA0F1C726BFC000FDAC7 /* ListOfPubs.swift in Sources */,
				FBF2AC6D1C78FA1300B7A7DF /* MapViewController.swift in Sources */,
				FB8A67351E6A1276000EE992 /* PictureTableViewCell.swift in Sources */,
				FB0651611DBAAE41009B0A51 /* LabelViewExtensions.swift in Sources */,
				FB8A67331E6A03B6000EE992 /* PubImageView.swift in Sources */,
				FBAF88A91C876A610043A612 /* AbstractTableViewController.swift in Sources */,
				FB0259531E635E2400AB69EC /* PictureViewController.swift in Sources */,
				FB27F3F01CAC3E4F00C2F41A /* AppDelegate.swift in Sources */,
				FB3EDA0D1C72697E000FDAC7 /* Pub.swift in Sources */,
				FB27F3F21CAC3F0600C2F41A /* SearchTableViewController.swift in Sources */,
				FB9A3AD71DB7FEE7008AB628 /* LongAboutTableViewCell.swift in Sources */,
				FB0651631DBAC3A8009B0A51 /* AddressTableViewCell.swift in Sources */,
				FB28F5E81D4CC2CB003475DC /* AddToPubCrawlViewController.swift in Sources */,
				FB77C2A91D34143C00B91E43 /* StringExtensions.swift in Sources */,
				FB43D57923538ED800491677 /* SearchBeerTableViewController.swift in Sources */,
				FB0147F620011862005750BF /* CallWebService.swift in Sources */,
				FBE820331F816D5400098082 /* SearchBarExtension.swift in Sources */,
				FB0651651DC4EE16009B0A51 /* CollectionExtensions.swift in Sources */,
				FBCDC7C91C81B8F500A74ABA /* PubCrawlNameTableViewCell.swift in Sources */,
				FB27F3EE1CAC3DE700C2F41A /* Constants.swift in Sources */,
			);
			runOnlyForDeploymentPostprocessing = 0;
		};
		FB3ED9F91C726951000FDAC7 /* Sources */ = {
			isa = PBXSourcesBuildPhase;
			buildActionMask = 2147483647;
			files = (
				FB3EDA021C726951000FDAC7 /* pubCrawlerTests.swift in Sources */,
			);
			runOnlyForDeploymentPostprocessing = 0;
		};
/* End PBXSourcesBuildPhase section */

/* Begin PBXTargetDependency section */
		FB3ED9FF1C726951000FDAC7 /* PBXTargetDependency */ = {
			isa = PBXTargetDependency;
			target = FB3ED9E61C72694E000FDAC7 /* pubCrawler */;
			targetProxy = FB3ED9FE1C726951000FDAC7 /* PBXContainerItemProxy */;
		};
/* End PBXTargetDependency section */

/* Begin PBXVariantGroup section */
		FB3ED9F01C726950000FDAC7 /* Main.storyboard */ = {
			isa = PBXVariantGroup;
			children = (
				FB3ED9F11C726950000FDAC7 /* Base */,
			);
			name = Main.storyboard;
			sourceTree = "<group>";
		};
		FB3ED9F51C726950000FDAC7 /* LaunchScreen.storyboard */ = {
			isa = PBXVariantGroup;
			children = (
				FB3ED9F61C726950000FDAC7 /* Base */,
			);
			name = LaunchScreen.storyboard;
			sourceTree = "<group>";
		};
/* End PBXVariantGroup section */

/* Begin XCBuildConfiguration section */
		FB3EDA041C726951000FDAC7 /* Debug */ = {
			isa = XCBuildConfiguration;
			buildSettings = {
				ALWAYS_SEARCH_USER_PATHS = NO;
				CLANG_ANALYZER_LOCALIZABILITY_NONLOCALIZED = YES;
				CLANG_CXX_LANGUAGE_STANDARD = "gnu++0x";
				CLANG_CXX_LIBRARY = "libc++";
				CLANG_ENABLE_MODULES = YES;
				CLANG_ENABLE_OBJC_ARC = YES;
				CLANG_WARN_BLOCK_CAPTURE_AUTORELEASING = YES;
				CLANG_WARN_BOOL_CONVERSION = YES;
				CLANG_WARN_COMMA = YES;
				CLANG_WARN_CONSTANT_CONVERSION = YES;
				CLANG_WARN_DEPRECATED_OBJC_IMPLEMENTATIONS = YES;
				CLANG_WARN_DIRECT_OBJC_ISA_USAGE = YES_ERROR;
				CLANG_WARN_EMPTY_BODY = YES;
				CLANG_WARN_ENUM_CONVERSION = YES;
				CLANG_WARN_INFINITE_RECURSION = YES;
				CLANG_WARN_INT_CONVERSION = YES;
				CLANG_WARN_NON_LITERAL_NULL_CONVERSION = YES;
				CLANG_WARN_OBJC_IMPLICIT_RETAIN_SELF = YES;
				CLANG_WARN_OBJC_LITERAL_CONVERSION = YES;
				CLANG_WARN_OBJC_ROOT_CLASS = YES_ERROR;
				CLANG_WARN_QUOTED_INCLUDE_IN_FRAMEWORK_HEADER = YES;
				CLANG_WARN_RANGE_LOOP_ANALYSIS = YES;
				CLANG_WARN_STRICT_PROTOTYPES = YES;
				CLANG_WARN_SUSPICIOUS_MOVE = YES;
				CLANG_WARN_UNREACHABLE_CODE = YES;
				CLANG_WARN__DUPLICATE_METHOD_MATCH = YES;
				"CODE_SIGN_IDENTITY[sdk=iphoneos*]" = "iPhone Developer";
				COPY_PHASE_STRIP = NO;
				DEBUG_INFORMATION_FORMAT = dwarf;
				ENABLE_STRICT_OBJC_MSGSEND = YES;
				ENABLE_TESTABILITY = YES;
				GCC_C_LANGUAGE_STANDARD = gnu99;
				GCC_DYNAMIC_NO_PIC = NO;
				GCC_NO_COMMON_BLOCKS = YES;
				GCC_OPTIMIZATION_LEVEL = 0;
				GCC_PREPROCESSOR_DEFINITIONS = (
					"DEBUG=1",
					"$(inherited)",
				);
				GCC_WARN_64_TO_32_BIT_CONVERSION = YES;
				GCC_WARN_ABOUT_RETURN_TYPE = YES_ERROR;
				GCC_WARN_UNDECLARED_SELECTOR = YES;
				GCC_WARN_UNINITIALIZED_AUTOS = YES_AGGRESSIVE;
				GCC_WARN_UNUSED_FUNCTION = YES;
				GCC_WARN_UNUSED_VARIABLE = YES;
				IPHONEOS_DEPLOYMENT_TARGET = 13.0;
				MTL_ENABLE_DEBUG_INFO = YES;
				ONLY_ACTIVE_ARCH = YES;
				SDKROOT = iphoneos;
				SWIFT_OPTIMIZATION_LEVEL = "-Onone";
				TARGETED_DEVICE_FAMILY = "1,2";
			};
			name = Debug;
		};
		FB3EDA051C726951000FDAC7 /* Release */ = {
			isa = XCBuildConfiguration;
			buildSettings = {
				ALWAYS_SEARCH_USER_PATHS = NO;
				CLANG_ANALYZER_LOCALIZABILITY_NONLOCALIZED = YES;
				CLANG_CXX_LANGUAGE_STANDARD = "gnu++0x";
				CLANG_CXX_LIBRARY = "libc++";
				CLANG_ENABLE_MODULES = YES;
				CLANG_ENABLE_OBJC_ARC = YES;
				CLANG_WARN_BLOCK_CAPTURE_AUTORELEASING = YES;
				CLANG_WARN_BOOL_CONVERSION = YES;
				CLANG_WARN_COMMA = YES;
				CLANG_WARN_CONSTANT_CONVERSION = YES;
				CLANG_WARN_DEPRECATED_OBJC_IMPLEMENTATIONS = YES;
				CLANG_WARN_DIRECT_OBJC_ISA_USAGE = YES_ERROR;
				CLANG_WARN_EMPTY_BODY = YES;
				CLANG_WARN_ENUM_CONVERSION = YES;
				CLANG_WARN_INFINITE_RECURSION = YES;
				CLANG_WARN_INT_CONVERSION = YES;
				CLANG_WARN_NON_LITERAL_NULL_CONVERSION = YES;
				CLANG_WARN_OBJC_IMPLICIT_RETAIN_SELF = YES;
				CLANG_WARN_OBJC_LITERAL_CONVERSION = YES;
				CLANG_WARN_OBJC_ROOT_CLASS = YES_ERROR;
				CLANG_WARN_QUOTED_INCLUDE_IN_FRAMEWORK_HEADER = YES;
				CLANG_WARN_RANGE_LOOP_ANALYSIS = YES;
				CLANG_WARN_STRICT_PROTOTYPES = YES;
				CLANG_WARN_SUSPICIOUS_MOVE = YES;
				CLANG_WARN_UNREACHABLE_CODE = YES;
				CLANG_WARN__DUPLICATE_METHOD_MATCH = YES;
				"CODE_SIGN_IDENTITY[sdk=iphoneos*]" = "iPhone Developer";
				COPY_PHASE_STRIP = NO;
				DEBUG_INFORMATION_FORMAT = "dwarf-with-dsym";
				ENABLE_NS_ASSERTIONS = NO;
				ENABLE_STRICT_OBJC_MSGSEND = YES;
				GCC_C_LANGUAGE_STANDARD = gnu99;
				GCC_NO_COMMON_BLOCKS = YES;
				GCC_WARN_64_TO_32_BIT_CONVERSION = YES;
				GCC_WARN_ABOUT_RETURN_TYPE = YES_ERROR;
				GCC_WARN_UNDECLARED_SELECTOR = YES;
				GCC_WARN_UNINITIALIZED_AUTOS = YES_AGGRESSIVE;
				GCC_WARN_UNUSED_FUNCTION = YES;
				GCC_WARN_UNUSED_VARIABLE = YES;
				IPHONEOS_DEPLOYMENT_TARGET = 13.0;
				MTL_ENABLE_DEBUG_INFO = NO;
				SDKROOT = iphoneos;
				SWIFT_OPTIMIZATION_LEVEL = "-Owholemodule";
				TARGETED_DEVICE_FAMILY = "1,2";
				VALIDATE_PRODUCT = YES;
			};
			name = Release;
		};
		FB3EDA071C726951000FDAC7 /* Debug */ = {
			isa = XCBuildConfiguration;
			buildSettings = {
				ASSETCATALOG_COMPILER_APPICON_NAME = AppIcon;
				"CODE_SIGN_IDENTITY[sdk=iphoneos*]" = "iPhone Developer";
				CURRENT_PROJECT_VERSION = 3.21;
				DEBUG_INFORMATION_FORMAT = "dwarf-with-dsym";
				DEVELOPMENT_TEAM = QK48V24G7M;
				FRAMEWORK_SEARCH_PATHS = (
					"$(inherited)",
					"$(PROJECT_DIR)",
				);
				INFOPLIST_FILE = Info.plist;
				IPHONEOS_DEPLOYMENT_TARGET = 12.0;
				LD_RUNPATH_SEARCH_PATHS = "$(inherited) @executable_path/Frameworks";
				MARKETING_VERSION = 3.21;
				PRODUCT_BUNDLE_IDENTIFIER = com.Neilens.pubCrawler;
				PRODUCT_NAME = "$(TARGET_NAME)";
				SWIFT_VERSION = 5.0;
			};
			name = Debug;
		};
		FB3EDA081C726951000FDAC7 /* Release */ = {
			isa = XCBuildConfiguration;
			buildSettings = {
				ASSETCATALOG_COMPILER_APPICON_NAME = AppIcon;
				"CODE_SIGN_IDENTITY[sdk=iphoneos*]" = "iPhone Developer";
				CURRENT_PROJECT_VERSION = 3.21;
				DEVELOPMENT_TEAM = QK48V24G7M;
				FRAMEWORK_SEARCH_PATHS = (
					"$(inherited)",
					"$(PROJECT_DIR)",
				);
				INFOPLIST_FILE = Info.plist;
				IPHONEOS_DEPLOYMENT_TARGET = 12.0;
				LD_RUNPATH_SEARCH_PATHS = "$(inherited) @executable_path/Frameworks";
				MARKETING_VERSION = 3.21;
				PRODUCT_BUNDLE_IDENTIFIER = com.Neilens.pubCrawler;
				PRODUCT_NAME = "$(TARGET_NAME)";
				SWIFT_VERSION = 5.0;
			};
			name = Release;
		};
		FB3EDA0A1C726951000FDAC7 /* Debug */ = {
			isa = XCBuildConfiguration;
			buildSettings = {
				BUNDLE_LOADER = "$(TEST_HOST)";
				DEVELOPMENT_TEAM = QK48V24G7M;
				INFOPLIST_FILE = pubCrawlerTests/Info.plist;
				LD_RUNPATH_SEARCH_PATHS = "$(inherited) @executable_path/Frameworks @loader_path/Frameworks";
				PRODUCT_BUNDLE_IDENTIFIER = com.Neilens.pubCrawlerTests;
				PRODUCT_NAME = "$(TARGET_NAME)";
				SWIFT_VERSION = 5.0;
				TEST_HOST = "$(BUILT_PRODUCTS_DIR)/pubCrawler.app/pubCrawler";
			};
			name = Debug;
		};
		FB3EDA0B1C726951000FDAC7 /* Release */ = {
			isa = XCBuildConfiguration;
			buildSettings = {
				BUNDLE_LOADER = "$(TEST_HOST)";
				DEVELOPMENT_TEAM = QK48V24G7M;
				INFOPLIST_FILE = pubCrawlerTests/Info.plist;
				LD_RUNPATH_SEARCH_PATHS = "$(inherited) @executable_path/Frameworks @loader_path/Frameworks";
				PRODUCT_BUNDLE_IDENTIFIER = com.Neilens.pubCrawlerTests;
				PRODUCT_NAME = "$(TARGET_NAME)";
				SWIFT_VERSION = 5.0;
				TEST_HOST = "$(BUILT_PRODUCTS_DIR)/pubCrawler.app/pubCrawler";
			};
			name = Release;
		};
/* End XCBuildConfiguration section */

/* Begin XCConfigurationList section */
		FB3ED9E21C72694E000FDAC7 /* Build configuration list for PBXProject "pubCrawler" */ = {
			isa = XCConfigurationList;
			buildConfigurations = (
				FB3EDA041C726951000FDAC7 /* Debug */,
				FB3EDA051C726951000FDAC7 /* Release */,
			);
			defaultConfigurationIsVisible = 0;
			defaultConfigurationName = Release;
		};
		FB3EDA061C726951000FDAC7 /* Build configuration list for PBXNativeTarget "pubCrawler" */ = {
			isa = XCConfigurationList;
			buildConfigurations = (
				FB3EDA071C726951000FDAC7 /* Debug */,
				FB3EDA081C726951000FDAC7 /* Release */,
			);
			defaultConfigurationIsVisible = 0;
			defaultConfigurationName = Release;
		};
		FB3EDA091C726951000FDAC7 /* Build configuration list for PBXNativeTarget "pubCrawlerTests" */ = {
			isa = XCConfigurationList;
			buildConfigurations = (
				FB3EDA0A1C726951000FDAC7 /* Debug */,
				FB3EDA0B1C726951000FDAC7 /* Release */,
			);
			defaultConfigurationIsVisible = 0;
			defaultConfigurationName = Release;
		};
/* End XCConfigurationList section */
	};
	rootObject = FB3ED9DF1C72694E000FDAC7 /* Project object */;
}
